{
  "name": "CODEFORCES",
  "lockfileVersion": 3,
  "requires": true,
  "packages": {
    "": {
      "name": "CODEFORCES",
      "devDependencies": {
        "prettier": "^3.2.5",
        "turbo": "^2.0.4",
        "typescript": "^5.4.5"
      },
      "engines": {
        "node": ">=18"
      }
    },
    "node_modules/prettier": {
      "version": "3.3.2",
      "resolved": "https://registry.npmjs.org/prettier/-/prettier-3.3.2.tgz",
      "integrity": "sha512-rAVeHYMcv8ATV5d508CFdn+8/pHPpXeIid1DdrPwXnaAdH7cqjVbpJaT5eq4yRAFU/lsbwYwSF/n5iNrdJHPQA==",
      "dev": true,
      "license": "MIT",
      "bin": {
        "prettier": "bin/prettier.cjs"
      },
      "engines": {
        "node": ">=14"
      },
      "funding": {
        "url": "https://github.com/prettier/prettier?sponsor=1"
      }
    },
    "node_modules/turbo": {
      "version": "2.0.5",
      "resolved": "https://registry.npmjs.org/turbo/-/turbo-2.0.5.tgz",
      "integrity": "sha512-+6+hcWr4nwuESlKqUc626HMOTd3QT8hUOc9QM45PP1d4nErGkNOgExm4Pcov3in7LTuadMnB0gcd/BuzkEDIPw==",
      "dev": true,
      "license": "MIT",
      "bin": {
        "turbo": "bin/turbo"
      },
      "optionalDependencies": {
        "turbo-darwin-64": "2.0.5",
        "turbo-darwin-arm64": "2.0.5",
        "turbo-linux-64": "2.0.5",
        "turbo-linux-arm64": "2.0.5",
        "turbo-windows-64": "2.0.5",
        "turbo-windows-arm64": "2.0.5"
      }
    },
    "node_modules/turbo-darwin-64": {
      "version": "2.0.5",
      "resolved": "https://registry.npmjs.org/turbo-darwin-64/-/turbo-darwin-64-2.0.5.tgz",
      "integrity": "sha512-t/9XpWYIjOhIHUdwiR47SYBGYHkR1zWLxTkTNKZwCSn8BN0cfjPZ1BR6kcwYGxLGBhtl5GBf6A29nq2K7iwAjg==",
      "cpu": [
        "x64"
      ],
      "dev": true,
      "license": "MIT",
      "optional": true,
      "os": [
        "darwin"
      ]
    },
    "node_modules/turbo-darwin-arm64": {
      "version": "2.0.5",
      "resolved": "https://registry.npmjs.org/turbo-darwin-arm64/-/turbo-darwin-arm64-2.0.5.tgz",
      "integrity": "sha512-//5y4RJvnal8CttOLBwlaBqblcQb1qTlIxLN+I8O3E3rPuvHOupNKB9ZJxYIQ8oWf8ns8Ec8cxQ0GSBLTJIMtA==",
      "cpu": [
        "arm64"
      ],
      "dev": true,
      "license": "MIT",
      "optional": true,
      "os": [
        "darwin"
      ]
    },
    "node_modules/turbo-linux-64": {
      "version": "2.0.5",
      "resolved": "https://registry.npmjs.org/turbo-linux-64/-/turbo-linux-64-2.0.5.tgz",
      "integrity": "sha512-LDtEDU2Gm8p3lKu//aHXZFRKUCVu68BNF9LQ+HmiCKFpNyK7khpMTxIAAUhDqt+AzlrbxtrxcCpCJaWg1JDjHg==",
      "cpu": [
        "x64"
      ],
      "dev": true,
      "license": "MIT",
      "optional": true,
      "os": [
        "linux"
      ]
    },
    "node_modules/turbo-linux-arm64": {
      "version": "2.0.5",
      "resolved": "https://registry.npmjs.org/turbo-linux-arm64/-/turbo-linux-arm64-2.0.5.tgz",
      "integrity": "sha512-84wdrzntErBNxkHcwHxiTZdaginQAxGPnwLTyZj8lpUYI7okPoxy3jKpUeMHN3adm3iDedl/x0mYSIvVVkmOiA==",
      "cpu": [
        "arm64"
      ],
      "dev": true,
      "license": "MIT",
      "optional": true,
      "os": [
        "linux"
      ]
    },
    "node_modules/turbo-windows-64": {
      "version": "2.0.5",
      "resolved": "https://registry.npmjs.org/turbo-windows-64/-/turbo-windows-64-2.0.5.tgz",
      "integrity": "sha512-SgaFZ0VW6kHCJogLNuLEleAauAJx2Y48wazZGVRmBpgSUS2AylXesaBMhJaEScYqLz7mIRn6KOgwM8D4wTxI9g==",
      "cpu": [
        "x64"
      ],
      "dev": true,
      "license": "MIT",
      "optional": true,
      "os": [
        "win32"
      ]
    },
    "node_modules/turbo-windows-arm64": {
      "version": "2.0.5",
      "resolved": "https://registry.npmjs.org/turbo-windows-arm64/-/turbo-windows-arm64-2.0.5.tgz",
      "integrity": "sha512-foUxLOZoru0IRNIxm53fkfM4ubas9P0nTFjIcHtd+E8YHeogt8GqTweNre2e6ri1EHDo71emmuQgpuoFCOXZMg==",
      "cpu": [
        "arm64"
      ],
      "dev": true,
      "license": "MIT",
      "optional": true,
      "os": [
        "win32"
      ]
    },
    "node_modules/typescript": {
      "version": "5.5.2",
      "resolved": "https://registry.npmjs.org/typescript/-/typescript-5.5.2.tgz",
      "integrity": "sha512-NcRtPEOsPFFWjobJEtfihkLCZCXZt/os3zf8nTxjVH3RvTSxjrCamJpbExGvYOF+tFHc3pA65qpdwPbzjohhew==",
      "dev": true,
      "license": "Apache-2.0",
      "bin": {
        "tsc": "bin/tsc",
        "tsserver": "bin/tsserver"
      },
      "engines": {
        "node": ">=14.17"
      }
    }
  }
}
